
Microsoft Visual Studio Solution File, Format Version 12.00
# Visual Studio 2012
Project("{FAE04EC0-301F-11D3-BF4B-00C04F79EFBC}") = "RealEstate", "RealEstate\RealEstate.csproj", "{A7DDF1C5-6CB8-41BE-A4BA-33DA8B14D955}"
EndProject
Project("{FAE04EC0-301F-11D3-BF4B-00C04F79EFBC}") = "KTF.Proxy", "..\KTF.Proxy\KTF.Proxy\KTF.Proxy.csproj", "{7D89B999-6DD8-43C7-B54C-24B8882CB93D}"
EndProject
Global
	GlobalSection(SolutionConfigurationPlatforms) = preSolution
		Debug|Any CPU = Debug|Any CPU
		Release|Any CPU = Release|Any CPU
	EndGlobalSection
	GlobalSection(ProjectConfigurationPlatforms) = postSolution
		{A7DDF1C5-6CB8-41BE-A4BA-33DA8B14D955}.Debug|Any CPU.ActiveCfg = Debug|Any CPU
		{A7DDF1C5-6CB8-41BE-A4BA-33DA8B14D955}.Debug|Any CPU.Build.0 = Debug|Any CPU
		{A7DDF1C5-6CB8-41BE-A4BA-33DA8B14D955}.Release|Any CPU.ActiveCfg = Release|Any CPU
		{A7DDF1C5-6CB8-41BE-A4BA-33DA8B14D955}.Release|Any CPU.Build.0 = Release|Any CPU
		{7D89B999-6DD8-43C7-B54C-24B8882CB93D}.Debug|Any CPU.ActiveCfg = Debug|Any CPU
		{7D89B999-6DD8-43C7-B54C-24B8882CB93D}.Debug|Any CPU.Build.0 = Debug|Any CPU
		{7D89B999-6DD8-43C7-B54C-24B8882CB93D}.Release|Any CPU.ActiveCfg = Release|Any CPU
		{7D89B999-6DD8-43C7-B54C-24B8882CB93D}.Release|Any CPU.Build.0 = Release|Any CPU
	EndGlobalSection
	GlobalSection(SolutionProperties) = preSolution
		HideSolutionNode = FALSE
	EndGlobalSection
EndGlobal
